
Microsoft Visual Studio Solution File, Format Version 12.00
# Visual Studio Version 17
VisualStudioVersion = 17.2.32505.173
MinimumVisualStudioVersion = 10.0.40219.1
Project("{9A19103F-16F7-4668-BE54-9A1E7A4F7556}") = "Entities", "Entities\Entities.csproj", "{8C46045A-630E-457B-9F57-379D6522BE28}"
EndProject
Project("{9A19103F-16F7-4668-BE54-9A1E7A4F7556}") = "DataAccess", "DataAccess\DataAccess.csproj", "{80FEFE70-ECC2-43D1-B276-54009DD555D3}"
EndProject
Project("{9A19103F-16F7-4668-BE54-9A1E7A4F7556}") = "Core", "Core\Core.csproj", "{D7103019-DC02-42FE-80A9-CB254C03BE4F}"
EndProject
Project("{9A19103F-16F7-4668-BE54-9A1E7A4F7556}") = "Business", "Business\Business.csproj", "{5610C82C-8127-43DA-8270-7012016BC426}"
EndProject
Project("{9A19103F-16F7-4668-BE54-9A1E7A4F7556}") = "TariflerMVC", "TariflerMVC\TariflerMVC.csproj", "{C6A936D8-EA48-42D2-9499-FAA5FB006D3D}"
EndProject
Global
	GlobalSection(SolutionConfigurationPlatforms) = preSolution
		Debug|Any CPU = Debug|Any CPU
		Release|Any CPU = Release|Any CPU
	EndGlobalSection
	GlobalSection(ProjectConfigurationPlatforms) = postSolution
		{8C46045A-630E-457B-9F57-379D6522BE28}.Debug|Any CPU.ActiveCfg = Debug|Any CPU
		{8C46045A-630E-457B-9F57-379D6522BE28}.Debug|Any CPU.Build.0 = Debug|Any CPU
		{8C46045A-630E-457B-9F57-379D6522BE28}.Release|Any CPU.ActiveCfg = Release|Any CPU
		{8C46045A-630E-457B-9F57-379D6522BE28}.Release|Any CPU.Build.0 = Release|Any CPU
		{80FEFE70-ECC2-43D1-B276-54009DD555D3}.Debug|Any CPU.ActiveCfg = Debug|Any CPU
		{80FEFE70-ECC2-43D1-B276-54009DD555D3}.Debug|Any CPU.Build.0 = Debug|Any CPU
		{80FEFE70-ECC2-43D1-B276-54009DD555D3}.Release|Any CPU.ActiveCfg = Release|Any CPU
		{80FEFE70-ECC2-43D1-B276-54009DD555D3}.Release|Any CPU.Build.0 = Release|Any CPU
		{D7103019-DC02-42FE-80A9-CB254C03BE4F}.Debug|Any CPU.ActiveCfg = Debug|Any CPU
		{D7103019-DC02-42FE-80A9-CB254C03BE4F}.Debug|Any CPU.Build.0 = Debug|Any CPU
		{D7103019-DC02-42FE-80A9-CB254C03BE4F}.Release|Any CPU.ActiveCfg = Release|Any CPU
		{D7103019-DC02-42FE-80A9-CB254C03BE4F}.Release|Any CPU.Build.0 = Release|Any CPU
		{5610C82C-8127-43DA-8270-7012016BC426}.Debug|Any CPU.ActiveCfg = Debug|Any CPU
		{5610C82C-8127-43DA-8270-7012016BC426}.Debug|Any CPU.Build.0 = Debug|Any CPU
		{5610C82C-8127-43DA-8270-7012016BC426}.Release|Any CPU.ActiveCfg = Release|Any CPU
		{5610C82C-8127-43DA-8270-7012016BC426}.Release|Any CPU.Build.0 = Release|Any CPU
		{C6A936D8-EA48-42D2-9499-FAA5FB006D3D}.Debug|Any CPU.ActiveCfg = Debug|Any CPU
		{C6A936D8-EA48-42D2-9499-FAA5FB006D3D}.Debug|Any CPU.Build.0 = Debug|Any CPU
		{C6A936D8-EA48-42D2-9499-FAA5FB006D3D}.Release|Any CPU.ActiveCfg = Release|Any CPU
		{C6A936D8-EA48-42D2-9499-FAA5FB006D3D}.Release|Any CPU.Build.0 = Release|Any CPU
	EndGlobalSection
	GlobalSection(SolutionProperties) = preSolution
		HideSolutionNode = FALSE
	EndGlobalSection
	GlobalSection(ExtensibilityGlobals) = postSolution
		SolutionGuid = {F5A8FB50-D320-44E9-B22E-FD15157D79B0}
	EndGlobalSection
EndGlobal
